
Microsoft Visual Studio Solution File, Format Version 12.00
# Visual Studio Version 17
VisualStudioVersion = 17.3.32901.215
MinimumVisualStudioVersion = 10.0.40219.1
Project("{9A19103F-16F7-4668-BE54-9A1E7A4F7556}") = "WarehouseManagement", "WarehouseManagement.csproj", "{66813176-4BE5-4F9E-8066-2C52144973B2}"
EndProject
Project("{2150E333-8FDC-42A3-9474-1A3956D46DE8}") = "Solution Items", "Solution Items", "{F35C0A0D-5D2C-4167-92B7-7F69FE7C995D}"
	ProjectSection(SolutionItems) = preProject
		App.Manifest = App.Manifest
	EndProjectSection
EndProject
Global
	GlobalSection(SolutionConfigurationPlatforms) = preSolution
		Debug|Any CPU = Debug|Any CPU
		Release|Any CPU = Release|Any CPU
	EndGlobalSection
	GlobalSection(ProjectConfigurationPlatforms) = postSolution
		{66813176-4BE5-4F9E-8066-2C52144973B2}.Debug|Any CPU.ActiveCfg = Debug|Any CPU
		{66813176-4BE5-4F9E-8066-2C52144973B2}.Debug|Any CPU.Build.0 = Debug|Any CPU
		{66813176-4BE5-4F9E-8066-2C52144973B2}.Release|Any CPU.ActiveCfg = Release|Any CPU
		{66813176-4BE5-4F9E-8066-2C52144973B2}.Release|Any CPU.Build.0 = Release|Any CPU
	EndGlobalSection
	GlobalSection(SolutionProperties) = preSolution
		HideSolutionNode = FALSE
	EndGlobalSection
	GlobalSection(ExtensibilityGlobals) = postSolution
		SolutionGuid = {A53A1CF1-F880-4EB2-9080-5C77C7DA3D07}
	EndGlobalSection
EndGlobal
